// !$*UTF8*$!
{
	archiveVersion = 1;
	classes = {
	};
	objectVersion = 46;
	objects = {

/* Begin PBXBuildFile section */
		BEF8B3231F32BF5E005B3B81 /* main.m in Sources */ = {isa = PBXBuildFile; fileRef = BEF8B3221F32BF5E005B3B81 /* main.m */; };
		BEF8B3261F32BF5E005B3B81 /* AppDelegate.m in Sources */ = {isa = PBXBuildFile; fileRef = BEF8B3251F32BF5E005B3B81 /* AppDelegate.m */; };
		BEF8B3291F32BF5E005B3B81 /* ViewController.m in Sources */ = {isa = PBXBuildFile; fileRef = BEF8B3281F32BF5E005B3B81 /* ViewController.m */; };
		BEF8B32C1F32BF5E005B3B81 /* Main.storyboard in Resources */ = {isa = PBXBuildFile; fileRef = BEF8B32A1F32BF5E005B3B81 /* Main.storyboard */; };
		BEF8B32E1F32BF5E005B3B81 /* Assets.xcassets in Resources */ = {isa = PBXBuildFile; fileRef = BEF8B32D1F32BF5E005B3B81 /* Assets.xcassets */; };
		BEF8B3311F32BF5E005B3B81 /* LaunchScreen.storyboard in Resources */ = {isa = PBXBuildFile; fileRef = BEF8B32F1F32BF5E005B3B81 /* LaunchScreen.storyboard */; };
		BEF8B33B1F32BFA0005B3B81 /* BluetoothManager.m in Sources */ = {isa = PBXBuildFile; fileRef = BEF8B33A1F32BFA0005B3B81 /* BluetoothManager.m */; };
/* End PBXBuildFile section */

/* Begin PBXFileReference section */
		BEF8B31E1F32BF5E005B3B81 /* Bluetooth.app */ = {isa = PBXFileReference; explicitFileType = wrapper.application; includeInIndex = 0; path = Bluetooth.app; sourceTree = BUILT_PRODUCTS_DIR; };
		BEF8B3221F32BF5E005B3B81 /* main.m */ = {isa = PBXFileReference; lastKnownFileType = sourcecode.c.objc; path = main.m; sourceTree = "<group>"; };
		BEF8B3241F32BF5E005B3B81 /* AppDelegate.h */ = {isa = PBXFileReference; lastKnownFileType = sourcecode.c.h; path = AppDelegate.h; sourceTree = "<group>"; };
		BEF8B3251F32BF5E005B3B81 /* AppDelegate.m */ = {isa = PBXFileReference; lastKnownFileType = sourcecode.c.objc; path = AppDelegate.m; sourceTree = "<group>"; };
		BEF8B3271F32BF5E005B3B81 /* ViewController.h */ = {isa = PBXFileReference; lastKnownFileType = sourcecode.c.h; path = ViewController.h; sourceTree = "<group>"; };
		BEF8B3281F32BF5E005B3B81 /* ViewController.m */ = {isa = PBXFileReference; lastKnownFileType = sourcecode.c.objc; path = ViewController.m; sourceTree = "<group>"; };
		BEF8B32B1F32BF5E005B3B81 /* Base */ = {isa = PBXFileReference; lastKnownFileType = file.storyboard; name = Base; path = Base.lproj/Main.storyboard; sourceTree = "<group>"; };
		BEF8B32D1F32BF5E005B3B81 /* Assets.xcassets */ = {isa = PBXFileReference; lastKnownFileType = folder.assetcatalog; path = Assets.xcassets; sourceTree = "<group>"; };
		BEF8B3301F32BF5E005B3B81 /* Base */ = {isa = PBXFileReference; lastKnownFileType = file.storyboard; name = Base; path = Base.lproj/LaunchScreen.storyboard; sourceTree = "<group>"; };
		BEF8B3321F32BF5E005B3B81 /* Info.plist */ = {isa = PBXFileReference; lastKnownFileType = text.plist.xml; path = Info.plist; sourceTree = "<group>"; };
		BEF8B3391F32BFA0005B3B81 /* BluetoothManager.h */ = {isa = PBXFileReference; fileEncoding = 4; lastKnownFileType = sourcecode.c.h; path = BluetoothManager.h; sourceTree = "<group>"; };
		BEF8B33A1F32BFA0005B3B81 /* BluetoothManager.m */ = {isa = PBXFileReference; fileEncoding = 4; lastKnownFileType = sourcecode.c.objc; path = BluetoothManager.m; sourceTree = "<group>"; };
/* End PBXFileReference section */

/* Begin PBXFrameworksBuildPhase section */
		BEF8B31B1F32BF5E005B3B81 /* Frameworks */ = {
			isa = PBXFrameworksBuildPhase;
			buildActionMask = 2147483647;
			files = (
			);
			runOnlyForDeploymentPostprocessing = 0;
		};
/* End PBXFrameworksBuildPhase section */

/* Begin PBXGroup section */
		BEF8B3151F32BF5E005B3B81 = {
			isa = PBXGroup;
			children = (
				BEF8B3201F32BF5E005B3B81 /* Bluetooth */,
				BEF8B31F1F32BF5E005B3B81 /* Products */,
			);
			sourceTree = "<group>";
		};
		BEF8B31F1F32BF5E005B3B81 /* Products */ = {
			isa = PBXGroup;
			children = (
				BEF8B31E1F32BF5E005B3B81 /* Bluetooth.app */,
			);
			name = Products;
			sourceTree = "<group>";
		};
		BEF8B3201F32BF5E005B3B81 /* Bluetooth */ = {
			isa = PBXGroup;
			children = (
				BEF8B3381F32BF7A005B3B81 /* BluetoothManager */,
				BEF8B3241F32BF5E005B3B81 /* AppDelegate.h */,
				BEF8B3251F32BF5E005B3B81 /* AppDelegate.m */,
				BEF8B3271F32BF5E005B3B81 /* ViewController.h */,
				BEF8B3281F32BF5E005B3B81 /* ViewController.m */,
				BEF8B32A1F32BF5E005B3B81 /* Main.storyboard */,
				BEF8B32D1F32BF5E005B3B81 /* Assets.xcassets */,
				BEF8B32F1F32BF5E005B3B81 /* LaunchScreen.storyboard */,
				BEF8B3321F32BF5E005B3B81 /* Info.plist */,
				BEF8B3211F32BF5E005B3B81 /* Supporting Files */,
			);
			path = Bluetooth;
			sourceTree = "<group>";
		};
		BEF8B3211F32BF5E005B3B81 /* Supporting Files */ = {
			isa = PBXGroup;
			children = (
				BEF8B3221F32BF5E005B3B81 /* main.m */,
			);
			name = "Supporting Files";
			sourceTree = "<group>";
		};
		BEF8B3381F32BF7A005B3B81 /* BluetoothManager */ = {
			isa = PBXGroup;
			children = (
				BEF8B3391F32BFA0005B3B81 /* BluetoothManager.h */,
				BEF8B33A1F32BFA0005B3B81 /* BluetoothManager.m */,
			);
			name = BluetoothManager;
			sourceTree = "<group>";
		};
/* End PBXGroup section */

/* Begin PBXNativeTarget section */
		BEF8B31D1F32BF5E005B3B81 /* Bluetooth */ = {
			isa = PBXNativeTarget;
			buildConfigurationList = BEF8B3351F32BF5E005B3B81 /* Build configuration list for PBXNativeTarget "Bluetooth" */;
			buildPhases = (
				BEF8B31A1F32BF5E005B3B81 /* Sources */,
				BEF8B31B1F32BF5E005B3B81 /* Frameworks */,
				BEF8B31C1F32BF5E005B3B81 /* Resources */,
			);
			buildRules = (
			);
			dependencies = (
			);
			name = Bluetooth;
			productName = Bluetooth;
			productReference = BEF8B31E1F32BF5E005B3B81 /* Bluetooth.app */;
			productType = "com.apple.product-type.application";
		};
/* End PBXNativeTarget section */

/* Begin PBXProject section */
		BEF8B3161F32BF5E005B3B81 /* Project object */ = {
			isa = PBXProject;
			attributes = {
				LastUpgradeCheck = 0830;
				ORGANIZATIONNAME = Landa;
				TargetAttributes = {
					BEF8B31D1F32BF5E005B3B81 = {
						CreatedOnToolsVersion = 8.3.3;
						DevelopmentTeam = 5JPUXMZJPG;
						ProvisioningStyle = Automatic;
						SystemCapabilities = {
							com.apple.BackgroundModes = {
								enabled = 1;
							};
						};
					};
				};
			};
			buildConfigurationList = BEF8B3191F32BF5E005B3B81 /* Build configuration list for PBXProject "Bluetooth" */;
			compatibilityVersion = "Xcode 3.2";
			developmentRegion = English;
			hasScannedForEncodings = 0;
			knownRegions = (
				en,
				Base,
			);
			mainGroup = BEF8B3151F32BF5E005B3B81;
			productRefGroup = BEF8B31F1F32BF5E005B3B81 /* Products */;
			projectDirPath = "";
			projectRoot = "";
			targets = (
				BEF8B31D1F32BF5E005B3B81 /* Bluetooth */,
			);
		};
/* End PBXProject section */

/* Begin PBXResourcesBuildPhase section */
		BEF8B31C1F32BF5E005B3B81 /* Resources */ = {
			isa = PBXResourcesBuildPhase;
			buildActionMask = 2147483647;
			files = (
				BEF8B3311F32BF5E005B3B81 /* LaunchScreen.storyboard in Resources */,
				BEF8B32E1F32BF5E005B3B81 /* Assets.xcassets in Resources */,
				BEF8B32C1F32BF5E005B3B81 /* Main.storyboard in Resources */,
			);
			runOnlyForDeploymentPostprocessing = 0;
		};
/* End PBXResourcesBuildPhase section */

/* Begin PBXSourcesBuildPhase section */
		BEF8B31A1F32BF5E005B3B81 /* Sources */ = {
			isa = PBXSourcesBuildPhase;
			buildActionMask = 2147483647;
			files = (
				BEF8B3291F32BF5E005B3B81 /* ViewController.m in Sources */,
				BEF8B3261F32BF5E005B3B81 /* AppDelegate.m in Sources */,
				BEF8B33B1F32BFA0005B3B81 /* BluetoothManager.m in Sources */,
				BEF8B3231F32BF5E005B3B81 /* main.m in Sources */,
			);
			runOnlyForDeploymentPostprocessing = 0;
		};
/* End PBXSourcesBuildPhase section */

/* Begin PBXVariantGroup section */
		BEF8B32A1F32BF5E005B3B81 /* Main.storyboard */ = {
			isa = PBXVariantGroup;
			children = (
				BEF8B32B1F32BF5E005B3B81 /* Base */,
			);
			name = Main.storyboard;
			sourceTree = "<group>";
		};
		BEF8B32F1F32BF5E005B3B81 /* LaunchScreen.storyboard */ = {
			isa = PBXVariantGroup;
			children = (
				BEF8B3301F32BF5E005B3B81 /* Base */,
			);
			name = LaunchScreen.storyboard;
			sourceTree = "<group>";
		};
/* End PBXVariantGroup section */

/* Begin XCBuildConfiguration section */
		BEF8B3331F32BF5E005B3B81 /* Debug */ = {
			isa = XCBuildConfiguration;
			buildSettings = {
				ALWAYS_SEARCH_USER_PATHS = NO;
				CLANG_ANALYZER_NONNULL = YES;
				CLANG_ANALYZER_NUMBER_OBJECT_CONVERSION = YES_AGGRESSIVE;
				CLANG_CXX_LANGUAGE_STANDARD = "gnu++0x";
				CLANG_CXX_LIBRARY = "libc++";
				CLANG_ENABLE_MODULES = YES;
				CLANG_ENABLE_OBJC_ARC = YES;
				CLANG_WARN_BOOL_CONVERSION = YES;
				CLANG_WARN_CONSTANT_CONVERSION = YES;
				CLANG_WARN_DIRECT_OBJC_ISA_USAGE = YES_ERROR;
				CLANG_WARN_DOCUMENTATION_COMMENTS = YES;
				CLANG_WARN_EMPTY_BODY = YES;
				CLANG_WARN_ENUM_CONVERSION = YES;
				CLANG_WARN_INFINITE_RECURSION = YES;
				CLANG_WARN_INT_CONVERSION = YES;
				CLANG_WARN_OBJC_ROOT_CLASS = YES_ERROR;
				CLANG_WARN_SUSPICIOUS_MOVE = YES;
				CLANG_WARN_UNREACHABLE_CODE = YES;
				CLANG_WARN__DUPLICATE_METHOD_MATCH = YES;
				"CODE_SIGN_IDENTITY[sdk=iphoneos*]" = "iPhone Developer";
				COPY_PHASE_STRIP = NO;
				DEBUG_INFORMATION_FORMAT = dwarf;
				ENABLE_STRICT_OBJC_MSGSEND = YES;
				ENABLE_TESTABILITY = YES;
				GCC_C_LANGUAGE_STANDARD = gnu99;
				GCC_DYNAMIC_NO_PIC = NO;
				GCC_NO_COMMON_BLOCKS = YES;
				GCC_OPTIMIZATION_LEVEL = 0;
				GCC_PREPROCESSOR_DEFINITIONS = (
					"DEBUG=1",
					"$(inherited)",
				);
				GCC_WARN_64_TO_32_BIT_CONVERSION = YES;
				GCC_WARN_ABOUT_RETURN_TYPE = YES_ERROR;
				GCC_WARN_UNDECLARED_SELECTOR = YES;
				GCC_WARN_UNINITIALIZED_AUTOS = YES_AGGRESSIVE;
				GCC_WARN_UNUSED_FUNCTION = YES;
				GCC_WARN_UNUSED_VARIABLE = YES;
				IPHONEOS_DEPLOYMENT_TARGET = 10.3;
				MTL_ENABLE_DEBUG_INFO = YES;
				ONLY_ACTIVE_ARCH = YES;
				SDKROOT = iphoneos;
				TARGETED_DEVICE_FAMILY = "1,2";
			};
			name = Debug;
		};
		BEF8B3341F32BF5E005B3B81 /* Release */ = {
			isa = XCBuildConfiguration;
			buildSettings = {
				ALWAYS_SEARCH_USER_PATHS = NO;
				CLANG_ANALYZER_NONNULL = YES;
				CLANG_ANALYZER_NUMBER_OBJECT_CONVERSION = YES_AGGRESSIVE;
				CLANG_CXX_LANGUAGE_STANDARD = "gnu++0x";
				CLANG_CXX_LIBRARY = "libc++";
				CLANG_ENABLE_MODULES = YES;
				CLANG_ENABLE_OBJC_ARC = YES;
				CLANG_WARN_BOOL_CONVERSION = YES;
				CLANG_WARN_CONSTANT_CONVERSION = YES;
				CLANG_WARN_DIRECT_OBJC_ISA_USAGE = YES_ERROR;
				CLANG_WARN_DOCUMENTATION_COMMENTS = YES;
				CLANG_WARN_EMPTY_BODY = YES;
				CLANG_WARN_ENUM_CONVERSION = YES;
				CLANG_WARN_INFINITE_RECURSION = YES;
				CLANG_WARN_INT_CONVERSION = YES;
				CLANG_WARN_OBJC_ROOT_CLASS = YES_ERROR;
				CLANG_WARN_SUSPICIOUS_MOVE = YES;
				CLANG_WARN_UNREACHABLE_CODE = YES;
				CLANG_WARN__DUPLICATE_METHOD_MATCH = YES;
				"CODE_SIGN_IDENTITY[sdk=iphoneos*]" = "iPhone Developer";
				COPY_PHASE_STRIP = NO;
				DEBUG_INFORMATION_FORMAT = "dwarf-with-dsym";
				ENABLE_NS_ASSERTIONS = NO;
				ENABLE_STRICT_OBJC_MSGSEND = YES;
				GCC_C_LANGUAGE_STANDARD = gnu99;
				GCC_NO_COMMON_BLOCKS = YES;
				GCC_WARN_64_TO_32_BIT_CONVERSION = YES;
				GCC_WARN_ABOUT_RETURN_TYPE = YES_ERROR;
				GCC_WARN_UNDECLARED_SELECTOR = YES;
				GCC_WARN_UNINITIALIZED_AUTOS = YES_AGGRESSIVE;
				GCC_WARN_UNUSED_FUNCTION = YES;
				GCC_WARN_UNUSED_VARIABLE = YES;
				IPHONEOS_DEPLOYMENT_TARGET = 10.3;
				MTL_ENABLE_DEBUG_INFO = NO;
				SDKROOT = iphoneos;
				TARGETED_DEVICE_FAMILY = "1,2";
				VALIDATE_PRODUCT = YES;
			};
			name = Release;
		};
		BEF8B3361F32BF5E005B3B81 /* Debug */ = {
			isa = XCBuildConfiguration;
			buildSettings = {
				ASSETCATALOG_COMPILER_APPICON_NAME = AppIcon;
				"CODE_SIGN_IDENTITY[sdk=iphoneos*]" = "iPhone Developer";
				DEVELOPMENT_TEAM = 5JPUXMZJPG;
				INFOPLIST_FILE = Bluetooth/Info.plist;
				IPHONEOS_DEPLOYMENT_TARGET = 9.1;
				LD_RUNPATH_SEARCH_PATHS = "$(inherited) @executable_path/Frameworks";
				PRODUCT_BUNDLE_IDENTIFIER = com.landasoft.Bluetooth;
				PRODUCT_NAME = "$(TARGET_NAME)";
				PROVISIONING_PROFILE_SPECIFIER = "";
			};
			name = Debug;
		};
		BEF8B3371F32BF5E005B3B81 /* Release */ = {
			isa = XCBuildConfiguration;
			buildSettings = {
				ASSETCATALOG_COMPILER_APPICON_NAME = AppIcon;
				"CODE_SIGN_IDENTITY[sdk=iphoneos*]" = "iPhone Developer";
				DEVELOPMENT_TEAM = 5JPUXMZJPG;
				INFOPLIST_FILE = Bluetooth/Info.plist;
				IPHONEOS_DEPLOYMENT_TARGET = 9.1;
				LD_RUNPATH_SEARCH_PATHS = "$(inherited) @executable_path/Frameworks";
				PRODUCT_BUNDLE_IDENTIFIER = com.landasoft.Bluetooth;
				PRODUCT_NAME = "$(TARGET_NAME)";
				PROVISIONING_PROFILE_SPECIFIER = "";
			};
			name = Release;
		};
/* End XCBuildConfiguration section */

/* Begin XCConfigurationList section */
		BEF8B3191F32BF5E005B3B81 /* Build configuration list for PBXProject "Bluetooth" */ = {
			isa = XCConfigurationList;
			buildConfigurations = (
				BEF8B3331F32BF5E005B3B81 /* Debug */,
				BEF8B3341F32BF5E005B3B81 /* Release */,
			);
			defaultConfigurationIsVisible = 0;
			defaultConfigurationName = Release;
		};
		BEF8B3351F32BF5E005B3B81 /* Build configuration list for PBXNativeTarget "Bluetooth" */ = {
			isa = XCConfigurationList;
			buildConfigurations = (
				BEF8B3361F32BF5E005B3B81 /* Debug */,
				BEF8B3371F32BF5E005B3B81 /* Release */,
			);
			defaultConfigurationIsVisible = 0;
		};
/* End XCConfigurationList section */
	};
	rootObject = BEF8B3161F32BF5E005B3B81 /* Project object */;
}
